
Microsoft Visual Studio Solution File, Format Version 12.00
# Visual Studio Version 16
VisualStudioVersion = 16.0.31205.134
MinimumVisualStudioVersion = 10.0.40219.1
Project("{FAE04EC0-301F-11D3-BF4B-00C04F79EFBC}") = "MinimalCatia3DEXPERIENCE", "MinimalCatia3DEXPERIENCE\MinimalCatia3DEXPERIENCE.csproj", "{61D73B5A-4812-4BB3-8DB4-8AE446682A88}"
EndProject
Global
	GlobalSection(SolutionConfigurationPlatforms) = preSolution
		Debug|Any CPU = Debug|Any CPU
		Release|Any CPU = Release|Any CPU
	EndGlobalSection
	GlobalSection(ProjectConfigurationPlatforms) = postSolution
		{61D73B5A-4812-4BB3-8DB4-8AE446682A88}.Debug|Any CPU.ActiveCfg = Debug|Any CPU
		{61D73B5A-4812-4BB3-8DB4-8AE446682A88}.Debug|Any CPU.Build.0 = Debug|Any CPU
		{61D73B5A-4812-4BB3-8DB4-8AE446682A88}.Release|Any CPU.ActiveCfg = Release|Any CPU
		{61D73B5A-4812-4BB3-8DB4-8AE446682A88}.Release|Any CPU.Build.0 = Release|Any CPU
	EndGlobalSection
	GlobalSection(SolutionProperties) = preSolution
		HideSolutionNode = FALSE
	EndGlobalSection
	GlobalSection(ExtensibilityGlobals) = postSolution
		SolutionGuid = {2D255F8E-46D2-4B6D-9886-06908343EE1E}
	EndGlobalSection
EndGlobal
